
Microsoft Visual Studio Solution File, Format Version 12.00
# Visual Studio Version 16
VisualStudioVersion = 16.0.29318.209
MinimumVisualStudioVersion = 10.0.40219.1
Project("{9A19103F-16F7-4668-BE54-9A1E7A4F7556}") = "EDU_IComparable_Vs_IComparer", "EDU_IComparable_Vs_IComparer\EDU_IComparable_Vs_IComparer.csproj", "{3BBDB694-3034-4E78-9A25-39FBF2ECAA38}"
EndProject
Project("{FAE04EC0-301F-11D3-BF4B-00C04F79EFBC}") = "EDU_IComparable_Vs_IComparer_Tests", "EDU_IComparable_Vs_IComparer_Tests\EDU_IComparable_Vs_IComparer_Tests.csproj", "{C504BD3F-6336-4EEC-BC28-54AB3B57A9A5}"
EndProject
Global
	GlobalSection(SolutionConfigurationPlatforms) = preSolution
		Debug|Any CPU = Debug|Any CPU
		Release|Any CPU = Release|Any CPU
	EndGlobalSection
	GlobalSection(ProjectConfigurationPlatforms) = postSolution
		{3BBDB694-3034-4E78-9A25-39FBF2ECAA38}.Debug|Any CPU.ActiveCfg = Debug|Any CPU
		{3BBDB694-3034-4E78-9A25-39FBF2ECAA38}.Debug|Any CPU.Build.0 = Debug|Any CPU
		{3BBDB694-3034-4E78-9A25-39FBF2ECAA38}.Release|Any CPU.ActiveCfg = Release|Any CPU
		{3BBDB694-3034-4E78-9A25-39FBF2ECAA38}.Release|Any CPU.Build.0 = Release|Any CPU
		{C504BD3F-6336-4EEC-BC28-54AB3B57A9A5}.Debug|Any CPU.ActiveCfg = Debug|Any CPU
		{C504BD3F-6336-4EEC-BC28-54AB3B57A9A5}.Debug|Any CPU.Build.0 = Debug|Any CPU
		{C504BD3F-6336-4EEC-BC28-54AB3B57A9A5}.Release|Any CPU.ActiveCfg = Release|Any CPU
		{C504BD3F-6336-4EEC-BC28-54AB3B57A9A5}.Release|Any CPU.Build.0 = Release|Any CPU
	EndGlobalSection
	GlobalSection(SolutionProperties) = preSolution
		HideSolutionNode = FALSE
	EndGlobalSection
	GlobalSection(ExtensibilityGlobals) = postSolution
		SolutionGuid = {F1497572-95D4-4C89-9944-FF4B9CE6A7FC}
	EndGlobalSection
EndGlobal
